
Microsoft Visual Studio Solution File, Format Version 12.00
# Visual Studio 15
VisualStudioVersion = 15.0.35714.111
MinimumVisualStudioVersion = 10.0.40219.1
Project("{FAE04EC0-301F-11D3-BF4B-00C04F79EFBC}") = "SkillsUSA", "SkillsUSA\SkillsUSA.csproj", "{762A7EBD-F514-4EE5-89A6-DE2F583B75B6}"
EndProject
Global
	GlobalSection(SolutionConfigurationPlatforms) = preSolution
		Debug|Any CPU = Debug|Any CPU
		Release|Any CPU = Release|Any CPU
	EndGlobalSection
	GlobalSection(ProjectConfigurationPlatforms) = postSolution
		{762A7EBD-F514-4EE5-89A6-DE2F583B75B6}.Debug|Any CPU.ActiveCfg = Debug|Any CPU
		{762A7EBD-F514-4EE5-89A6-DE2F583B75B6}.Debug|Any CPU.Build.0 = Debug|Any CPU
		{762A7EBD-F514-4EE5-89A6-DE2F583B75B6}.Release|Any CPU.ActiveCfg = Release|Any CPU
		{762A7EBD-F514-4EE5-89A6-DE2F583B75B6}.Release|Any CPU.Build.0 = Release|Any CPU
	EndGlobalSection
	GlobalSection(SolutionProperties) = preSolution
		HideSolutionNode = FALSE
	EndGlobalSection
	GlobalSection(ExtensibilityGlobals) = postSolution
		SolutionGuid = {AF3F9D26-DFFF-441D-94FA-2CA60426EA10}
	EndGlobalSection
EndGlobal
